
Microsoft Visual Studio Solution File, Format Version 12.00
# Visual Studio Version 17
VisualStudioVersion = 17.1.32328.378
MinimumVisualStudioVersion = 10.0.40219.1
Project("{FAE04EC0-301F-11D3-BF4B-00C04F79EFBC}") = "EenVoudigeToDoApi", "EenVoudigeToDoApi\EenVoudigeToDoApi.csproj", "{79FA365D-AA13-4747-B813-EFC71DE8823B}"
EndProject
Global
	GlobalSection(SolutionConfigurationPlatforms) = preSolution
		Debug|Any CPU = Debug|Any CPU
		Release|Any CPU = Release|Any CPU
	EndGlobalSection
	GlobalSection(ProjectConfigurationPlatforms) = postSolution
		{79FA365D-AA13-4747-B813-EFC71DE8823B}.Debug|Any CPU.ActiveCfg = Debug|Any CPU
		{79FA365D-AA13-4747-B813-EFC71DE8823B}.Debug|Any CPU.Build.0 = Debug|Any CPU
		{79FA365D-AA13-4747-B813-EFC71DE8823B}.Release|Any CPU.ActiveCfg = Release|Any CPU
		{79FA365D-AA13-4747-B813-EFC71DE8823B}.Release|Any CPU.Build.0 = Release|Any CPU
	EndGlobalSection
	GlobalSection(SolutionProperties) = preSolution
		HideSolutionNode = FALSE
	EndGlobalSection
	GlobalSection(ExtensibilityGlobals) = postSolution
		SolutionGuid = {AAD1BBA7-E467-4CA0-9639-887A0F4DF3AB}
	EndGlobalSection
EndGlobal
